
Microsoft Visual Studio Solution File, Format Version 12.00
# Visual Studio 15
VisualStudioVersion = 15.0.28307.168
MinimumVisualStudioVersion = 10.0.40219.1
Project("{FAE04EC0-301F-11D3-BF4B-00C04F79EFBC}") = "ConsoleApp22", "ConsoleApp22\ConsoleApp22.csproj", "{2FCAB2CF-6048-4B54-A89D-479D5F781D43}"
EndProject
Project("{911E67C6-3D85-4FCE-B560-20A9C3E3FF48}") = "ConsoleAppGeography", "..\ConsoleAppGeography\ConsoleAppGeography\bin\Release\ConsoleAppGeography.exe", "{698E0B7F-13B5-479A-A5C0-B13E59A34A7B}"
	ProjectSection(DebuggerProjectSystem) = preProject
		PortSupplier = 00000000-0000-0000-0000-000000000000
		Executable = C:\Users\1\source\repos\ConsoleAppGeography\ConsoleAppGeography\bin\Release\ConsoleAppGeography.exe
		RemoteMachine = LAPTOP-PN20T07B
		StartingDirectory = C:\Users\1\source\repos\ConsoleAppGeography\ConsoleAppGeography\bin\Release
		Environment = По умолчанию
		LaunchingEngine = 00000000-0000-0000-0000-000000000000
		UseLegacyDebugEngines = No
		LaunchSQLEngine = No
		AttachLaunchAction = No
	EndProjectSection
EndProject
Global
	GlobalSection(SolutionConfigurationPlatforms) = preSolution
		Debug|Any CPU = Debug|Any CPU
		Debug|x86 = Debug|x86
		Release|Any CPU = Release|Any CPU
		Release|x86 = Release|x86
	EndGlobalSection
	GlobalSection(ProjectConfigurationPlatforms) = postSolution
		{2FCAB2CF-6048-4B54-A89D-479D5F781D43}.Debug|Any CPU.ActiveCfg = Debug|Any CPU
		{2FCAB2CF-6048-4B54-A89D-479D5F781D43}.Debug|Any CPU.Build.0 = Debug|Any CPU
		{2FCAB2CF-6048-4B54-A89D-479D5F781D43}.Debug|x86.ActiveCfg = Debug|Any CPU
		{2FCAB2CF-6048-4B54-A89D-479D5F781D43}.Debug|x86.Build.0 = Debug|Any CPU
		{2FCAB2CF-6048-4B54-A89D-479D5F781D43}.Release|Any CPU.ActiveCfg = Release|Any CPU
		{2FCAB2CF-6048-4B54-A89D-479D5F781D43}.Release|Any CPU.Build.0 = Release|Any CPU
		{2FCAB2CF-6048-4B54-A89D-479D5F781D43}.Release|x86.ActiveCfg = Release|Any CPU
		{2FCAB2CF-6048-4B54-A89D-479D5F781D43}.Release|x86.Build.0 = Release|Any CPU
		{698E0B7F-13B5-479A-A5C0-B13E59A34A7B}.Debug|Any CPU.ActiveCfg = Release|x86
		{698E0B7F-13B5-479A-A5C0-B13E59A34A7B}.Debug|x86.ActiveCfg = Release|x86
		{698E0B7F-13B5-479A-A5C0-B13E59A34A7B}.Release|Any CPU.ActiveCfg = Release|x86
		{698E0B7F-13B5-479A-A5C0-B13E59A34A7B}.Release|x86.ActiveCfg = Release|x86
	EndGlobalSection
	GlobalSection(SolutionProperties) = preSolution
		HideSolutionNode = FALSE
	EndGlobalSection
	GlobalSection(ExtensibilityGlobals) = postSolution
		SolutionGuid = {7B37511B-C202-4997-BC42-EEE33098E5E8}
	EndGlobalSection
EndGlobal
